PODS:
  - SnapKit (5.7.1)
  - SwiftLint (0.55.0)

DEPENDENCIES:
  - SnapKit
  - SwiftLint

SPEC REPOS:
  trunk:
    - SnapKit
    - SwiftLint

SPEC CHECKSUMS:
  SnapKit: d612e99e678a2d3b95bf60b0705ed0a35c03484a
  SwiftLint: c5b49076d727b772434318c236548f0a1110c299

PODFILE CHECKSUM: 2158bba834f67c0652248702cbe46cb33e3387b5

COCOAPODS: 1.15.2
