// !$*UTF8*$!
{
	archiveVersion = 1;
	classes = {
	};
	objectVersion = 56;
	objects = {

/* Begin PBXBuildFile section */
		5456D6C4AA640056F4096D8C /* Pods_Blueprints.framework in Frameworks */ = {isa = PBXBuildFile; fileRef = 0795C5C331B4A8CFB94E7FEA /* Pods_Blueprints.framework */; };
		B86FB8332BECB2740092FE2F /* AddNotePresenter.swift in Sources */ = {isa = PBXBuildFile; fileRef = B86FB8322BECB2740092FE2F /* AddNotePresenter.swift */; };
		B86FB8352BECD9B50092FE2F /* UIColor+.swift in Sources */ = {isa = PBXBuildFile; fileRef = B86FB8342BECD9B50092FE2F /* UIColor+.swift */; };
		B86FB8392BECF9BE0092FE2F /* TextConstants.swift in Sources */ = {isa = PBXBuildFile; fileRef = B86FB8382BECF9BE0092FE2F /* TextConstants.swift */; };
		B89F6D302BEB505000B0E330 /* AppCoordinator.swift in Sources */ = {isa = PBXBuildFile; fileRef = B89F6D2C2BEB505000B0E330 /* AppCoordinator.swift */; };
		B89F6D312BEB505000B0E330 /* BaseCoordinator.swift in Sources */ = {isa = PBXBuildFile; fileRef = B89F6D2D2BEB505000B0E330 /* BaseCoordinator.swift */; };
		B89F6D322BEB505000B0E330 /* CoordinatorProtocol.swift in Sources */ = {isa = PBXBuildFile; fileRef = B89F6D2E2BEB505000B0E330 /* CoordinatorProtocol.swift */; };
		B89F6D362BEB50EC00B0E330 /* NotesViewControllerCoordinator.swift in Sources */ = {isa = PBXBuildFile; fileRef = B89F6D352BEB50EC00B0E330 /* NotesViewControllerCoordinator.swift */; };
		B89F6D382BEB516A00B0E330 /* AddNoteViewControllerCoordinator.swift in Sources */ = {isa = PBXBuildFile; fileRef = B89F6D372BEB516A00B0E330 /* AddNoteViewControllerCoordinator.swift */; };
		B89F6D3C2BEBAC0F00B0E330 /* NotesPresenter.swift in Sources */ = {isa = PBXBuildFile; fileRef = B89F6D3B2BEBAC0F00B0E330 /* NotesPresenter.swift */; };
		B89F6D442BEBE5C100B0E330 /* Assets.xcassets in Resources */ = {isa = PBXBuildFile; fileRef = B89F6D432BEBE5C100B0E330 /* Assets.xcassets */; };
		B8F5FE3B2BEA30DC00D4F139 /* AppDelegate.swift in Sources */ = {isa = PBXBuildFile; fileRef = B8F5FE3A2BEA30DC00D4F139 /* AppDelegate.swift */; };
		B8F5FE3D2BEA30DC00D4F139 /* SceneDelegate.swift in Sources */ = {isa = PBXBuildFile; fileRef = B8F5FE3C2BEA30DC00D4F139 /* SceneDelegate.swift */; };
		B8F5FE3F2BEA30DC00D4F139 /* NotesViewController.swift in Sources */ = {isa = PBXBuildFile; fileRef = B8F5FE3E2BEA30DC00D4F139 /* NotesViewController.swift */; };
		B8F5FE4A2BEA30DE00D4F139 /* Base in Resources */ = {isa = PBXBuildFile; fileRef = B8F5FE492BEA30DE00D4F139 /* Base */; };
		B8F5FE562BEA3AF700D4F139 /* StorageManager.swift in Sources */ = {isa = PBXBuildFile; fileRef = B8F5FE552BEA3AF700D4F139 /* StorageManager.swift */; };
		B8F5FE592BEA3D9800D4F139 /* AddNoteViewController.swift in Sources */ = {isa = PBXBuildFile; fileRef = B8F5FE582BEA3D9800D4F139 /* AddNoteViewController.swift */; };
		B8F5FE5C2BEA3F7800D4F139 /* Note.xcdatamodeld in Sources */ = {isa = PBXBuildFile; fileRef = B8F5FE5A2BEA3F7800D4F139 /* Note.xcdatamodeld */; };
		B8F5FE5E2BEA853200D4F139 /* UIView+.swift in Sources */ = {isa = PBXBuildFile; fileRef = B8F5FE5D2BEA853200D4F139 /* UIView+.swift */; };
/* End PBXBuildFile section */

/* Begin PBXFileReference section */
		0795C5C331B4A8CFB94E7FEA /* Pods_Blueprints.framework */ = {isa = PBXFileReference; explicitFileType = wrapper.framework; includeInIndex = 0; path = Pods_Blueprints.framework; sourceTree = BUILT_PRODUCTS_DIR; };
		B4E2E6B18C2C506EA12BF668 /* Pods-Blueprints.release.xcconfig */ = {isa = PBXFileReference; includeInIndex = 1; lastKnownFileType = text.xcconfig; name = "Pods-Blueprints.release.xcconfig"; path = "Target Support Files/Pods-Blueprints/Pods-Blueprints.release.xcconfig"; sourceTree = "<group>"; };
		B86FB8322BECB2740092FE2F /* AddNotePresenter.swift */ = {isa = PBXFileReference; lastKnownFileType = sourcecode.swift; path = AddNotePresenter.swift; sourceTree = "<group>"; };
		B86FB8342BECD9B50092FE2F /* UIColor+.swift */ = {isa = PBXFileReference; lastKnownFileType = sourcecode.swift; path = "UIColor+.swift"; sourceTree = "<group>"; };
		B86FB8382BECF9BE0092FE2F /* TextConstants.swift */ = {isa = PBXFileReference; lastKnownFileType = sourcecode.swift; path = TextConstants.swift; sourceTree = "<group>"; };
		B89F6D2C2BEB505000B0E330 /* AppCoordinator.swift */ = {isa = PBXFileReference; fileEncoding = 4; lastKnownFileType = sourcecode.swift; path = AppCoordinator.swift; sourceTree = "<group>"; };
		B89F6D2D2BEB505000B0E330 /* BaseCoordinator.swift */ = {isa = PBXFileReference; fileEncoding = 4; lastKnownFileType = sourcecode.swift; path = BaseCoordinator.swift; sourceTree = "<group>"; };
		B89F6D2E2BEB505000B0E330 /* CoordinatorProtocol.swift */ = {isa = PBXFileReference; fileEncoding = 4; lastKnownFileType = sourcecode.swift; path = CoordinatorProtocol.swift; sourceTree = "<group>"; };
		B89F6D352BEB50EC00B0E330 /* NotesViewControllerCoordinator.swift */ = {isa = PBXFileReference; lastKnownFileType = sourcecode.swift; path = NotesViewControllerCoordinator.swift; sourceTree = "<group>"; };
		B89F6D372BEB516A00B0E330 /* AddNoteViewControllerCoordinator.swift */ = {isa = PBXFileReference; lastKnownFileType = sourcecode.swift; path = AddNoteViewControllerCoordinator.swift; sourceTree = "<group>"; };
		B89F6D3B2BEBAC0F00B0E330 /* NotesPresenter.swift */ = {isa = PBXFileReference; lastKnownFileType = sourcecode.swift; path = NotesPresenter.swift; sourceTree = "<group>"; };
		B89F6D432BEBE5C100B0E330 /* Assets.xcassets */ = {isa = PBXFileReference; lastKnownFileType = folder.assetcatalog; path = Assets.xcassets; sourceTree = "<group>"; };
		B8F5FE372BEA30DC00D4F139 /* Blueprints.app */ = {isa = PBXFileReference; explicitFileType = wrapper.application; includeInIndex = 0; path = Blueprints.app; sourceTree = BUILT_PRODUCTS_DIR; };
		B8F5FE3A2BEA30DC00D4F139 /* AppDelegate.swift */ = {isa = PBXFileReference; lastKnownFileType = sourcecode.swift; path = AppDelegate.swift; sourceTree = "<group>"; };
		B8F5FE3C2BEA30DC00D4F139 /* SceneDelegate.swift */ = {isa = PBXFileReference; lastKnownFileType = sourcecode.swift; path = SceneDelegate.swift; sourceTree = "<group>"; };
		B8F5FE3E2BEA30DC00D4F139 /* NotesViewController.swift */ = {isa = PBXFileReference; lastKnownFileType = sourcecode.swift; path = NotesViewController.swift; sourceTree = "<group>"; };
		B8F5FE492BEA30DE00D4F139 /* Base */ = {isa = PBXFileReference; lastKnownFileType = file.storyboard; name = Base; path = Base.lproj/LaunchScreen.storyboard; sourceTree = "<group>"; };
		B8F5FE4B2BEA30DE00D4F139 /* Info.plist */ = {isa = PBXFileReference; lastKnownFileType = text.plist.xml; path = Info.plist; sourceTree = "<group>"; };
		B8F5FE552BEA3AF700D4F139 /* StorageManager.swift */ = {isa = PBXFileReference; fileEncoding = 4; lastKnownFileType = sourcecode.swift; path = StorageManager.swift; sourceTree = "<group>"; };
		B8F5FE582BEA3D9800D4F139 /* AddNoteViewController.swift */ = {isa = PBXFileReference; lastKnownFileType = sourcecode.swift; path = AddNoteViewController.swift; sourceTree = "<group>"; };
		B8F5FE5B2BEA3F7800D4F139 /* Note.xcdatamodel */ = {isa = PBXFileReference; lastKnownFileType = wrapper.xcdatamodel; path = Note.xcdatamodel; sourceTree = "<group>"; };
		B8F5FE5D2BEA853200D4F139 /* UIView+.swift */ = {isa = PBXFileReference; lastKnownFileType = sourcecode.swift; path = "UIView+.swift"; sourceTree = "<group>"; };
		F185793110E6942768D8E554 /* Pods-Blueprints.debug.xcconfig */ = {isa = PBXFileReference; includeInIndex = 1; lastKnownFileType = text.xcconfig; name = "Pods-Blueprints.debug.xcconfig"; path = "Target Support Files/Pods-Blueprints/Pods-Blueprints.debug.xcconfig"; sourceTree = "<group>"; };
/* End PBXFileReference section */

/* Begin PBXFrameworksBuildPhase section */
		B8F5FE342BEA30DC00D4F139 /* Frameworks */ = {
			isa = PBXFrameworksBuildPhase;
			buildActionMask = 2147483647;
			files = (
				5456D6C4AA640056F4096D8C /* Pods_Blueprints.framework in Frameworks */,
			);
			runOnlyForDeploymentPostprocessing = 0;
		};
/* End PBXFrameworksBuildPhase section */

/* Begin PBXGroup section */
		41B765712DEE8A1ED6CC2B93 /* Pods */ = {
			isa = PBXGroup;
			children = (
				F185793110E6942768D8E554 /* Pods-Blueprints.debug.xcconfig */,
				B4E2E6B18C2C506EA12BF668 /* Pods-Blueprints.release.xcconfig */,
			);
			path = Pods;
			sourceTree = "<group>";
		};
		B86FB8362BECF8890092FE2F /* StorageManager */ = {
			isa = PBXGroup;
			children = (
				B8F5FE552BEA3AF700D4F139 /* StorageManager.swift */,
			);
			path = StorageManager;
			sourceTree = "<group>";
		};
		B86FB8372BECF98A0092FE2F /* Helpers */ = {
			isa = PBXGroup;
			children = (
				B8F5FE5F2BEA853E00D4F139 /* Extensions */,
				B86FB83A2BECF9C50092FE2F /* Global constants */,
			);
			path = Helpers;
			sourceTree = "<group>";
		};
		B86FB83A2BECF9C50092FE2F /* Global constants */ = {
			isa = PBXGroup;
			children = (
				B86FB8382BECF9BE0092FE2F /* TextConstants.swift */,
			);
			path = "Global constants";
			sourceTree = "<group>";
		};
		B89F6D2F2BEB505000B0E330 /* Coordinators */ = {
			isa = PBXGroup;
			children = (
				B89F6D2C2BEB505000B0E330 /* AppCoordinator.swift */,
				B89F6D2D2BEB505000B0E330 /* BaseCoordinator.swift */,
				B89F6D2E2BEB505000B0E330 /* CoordinatorProtocol.swift */,
			);
			path = Coordinators;
			sourceTree = "<group>";
		};
		B89F6D332BEB50B600B0E330 /* NotesViewModule */ = {
			isa = PBXGroup;
			children = (
				B8F5FE3E2BEA30DC00D4F139 /* NotesViewController.swift */,
				B89F6D3B2BEBAC0F00B0E330 /* NotesPresenter.swift */,
				B89F6D352BEB50EC00B0E330 /* NotesViewControllerCoordinator.swift */,
			);
			path = NotesViewModule;
			sourceTree = "<group>";
		};
		B89F6D342BEB50C000B0E330 /* AddNoteViewModule */ = {
			isa = PBXGroup;
			children = (
				B8F5FE582BEA3D9800D4F139 /* AddNoteViewController.swift */,
				B86FB8322BECB2740092FE2F /* AddNotePresenter.swift */,
				B89F6D372BEB516A00B0E330 /* AddNoteViewControllerCoordinator.swift */,
			);
			path = AddNoteViewModule;
			sourceTree = "<group>";
		};
		B8F5FE2E2BEA30DC00D4F139 = {
			isa = PBXGroup;
			children = (
				B8F5FE392BEA30DC00D4F139 /* Blueprints */,
				B8F5FE382BEA30DC00D4F139 /* Products */,
				41B765712DEE8A1ED6CC2B93 /* Pods */,
				DF2A57636D6EA5462C212FB4 /* Frameworks */,
			);
			sourceTree = "<group>";
		};
		B8F5FE382BEA30DC00D4F139 /* Products */ = {
			isa = PBXGroup;
			children = (
				B8F5FE372BEA30DC00D4F139 /* Blueprints.app */,
			);
			name = Products;
			sourceTree = "<group>";
		};
		B8F5FE392BEA30DC00D4F139 /* Blueprints */ = {
			isa = PBXGroup;
			children = (
				B8F5FE512BEA35AC00D4F139 /* Application */,
				B8F5FE572BEA3B0600D4F139 /* Services */,
				B8F5FE532BEA363300D4F139 /* Model */,
				B86FB8372BECF98A0092FE2F /* Helpers */,
				B8F5FE542BEA365800D4F139 /* Modules */,
				B8F5FE522BEA35B900D4F139 /* Resources */,
			);
			path = Blueprints;
			sourceTree = "<group>";
		};
		B8F5FE512BEA35AC00D4F139 /* Application */ = {
			isa = PBXGroup;
			children = (
				B8F5FE3A2BEA30DC00D4F139 /* AppDelegate.swift */,
				B8F5FE3C2BEA30DC00D4F139 /* SceneDelegate.swift */,
				B8F5FE4B2BEA30DE00D4F139 /* Info.plist */,
				B8F5FE482BEA30DE00D4F139 /* LaunchScreen.storyboard */,
			);
			path = Application;
			sourceTree = "<group>";
		};
		B8F5FE522BEA35B900D4F139 /* Resources */ = {
			isa = PBXGroup;
			children = (
				B89F6D432BEBE5C100B0E330 /* Assets.xcassets */,
			);
			path = Resources;
			sourceTree = "<group>";
		};
		B8F5FE532BEA363300D4F139 /* Model */ = {
			isa = PBXGroup;
			children = (
				B8F5FE5A2BEA3F7800D4F139 /* Note.xcdatamodeld */,
			);
			path = Model;
			sourceTree = "<group>";
		};
		B8F5FE542BEA365800D4F139 /* Modules */ = {
			isa = PBXGroup;
			children = (
				B89F6D332BEB50B600B0E330 /* NotesViewModule */,
				B89F6D342BEB50C000B0E330 /* AddNoteViewModule */,
			);
			path = Modules;
			sourceTree = "<group>";
		};
		B8F5FE572BEA3B0600D4F139 /* Services */ = {
			isa = PBXGroup;
			children = (
				B86FB8362BECF8890092FE2F /* StorageManager */,
				B89F6D2F2BEB505000B0E330 /* Coordinators */,
			);
			path = Services;
			sourceTree = "<group>";
		};
		B8F5FE5F2BEA853E00D4F139 /* Extensions */ = {
			isa = PBXGroup;
			children = (
				B8F5FE5D2BEA853200D4F139 /* UIView+.swift */,
				B86FB8342BECD9B50092FE2F /* UIColor+.swift */,
			);
			path = Extensions;
			sourceTree = "<group>";
		};
		DF2A57636D6EA5462C212FB4 /* Frameworks */ = {
			isa = PBXGroup;
			children = (
				0795C5C331B4A8CFB94E7FEA /* Pods_Blueprints.framework */,
			);
			name = Frameworks;
			sourceTree = "<group>";
		};
/* End PBXGroup section */

/* Begin PBXNativeTarget section */
		B8F5FE362BEA30DC00D4F139 /* Blueprints */ = {
			isa = PBXNativeTarget;
			buildConfigurationList = B8F5FE4E2BEA30DE00D4F139 /* Build configuration list for PBXNativeTarget "Blueprints" */;
			buildPhases = (
				EF3C6C3ED7C521B57A8503EC /* [CP] Check Pods Manifest.lock */,
				B8F5FE332BEA30DC00D4F139 /* Sources */,
				B8F5FE342BEA30DC00D4F139 /* Frameworks */,
				B8F5FE352BEA30DC00D4F139 /* Resources */,
				84D18D7FA196E8ABE835048F /* [CP] Embed Pods Frameworks */,
			);
			buildRules = (
			);
			dependencies = (
			);
			name = Blueprints;
			productName = Blueprints;
			productReference = B8F5FE372BEA30DC00D4F139 /* Blueprints.app */;
			productType = "com.apple.product-type.application";
		};
/* End PBXNativeTarget section */

/* Begin PBXProject section */
		B8F5FE2F2BEA30DC00D4F139 /* Project object */ = {
			isa = PBXProject;
			attributes = {
				BuildIndependentTargetsInParallel = 1;
				LastSwiftUpdateCheck = 1530;
				LastUpgradeCheck = 1530;
				TargetAttributes = {
					B8F5FE362BEA30DC00D4F139 = {
						CreatedOnToolsVersion = 15.3;
					};
				};
			};
			buildConfigurationList = B8F5FE322BEA30DC00D4F139 /* Build configuration list for PBXProject "Blueprints" */;
			compatibilityVersion = "Xcode 14.0";
			developmentRegion = en;
			hasScannedForEncodings = 0;
			knownRegions = (
				en,
				Base,
			);
			mainGroup = B8F5FE2E2BEA30DC00D4F139;
			productRefGroup = B8F5FE382BEA30DC00D4F139 /* Products */;
			projectDirPath = "";
			projectRoot = "";
			targets = (
				B8F5FE362BEA30DC00D4F139 /* Blueprints */,
			);
		};
/* End PBXProject section */

/* Begin PBXResourcesBuildPhase section */
		B8F5FE352BEA30DC00D4F139 /* Resources */ = {
			isa = PBXResourcesBuildPhase;
			buildActionMask = 2147483647;
			files = (
				B89F6D442BEBE5C100B0E330 /* Assets.xcassets in Resources */,
				B8F5FE4A2BEA30DE00D4F139 /* Base in Resources */,
			);
			runOnlyForDeploymentPostprocessing = 0;
		};
/* End PBXResourcesBuildPhase section */

/* Begin PBXShellScriptBuildPhase section */
		84D18D7FA196E8ABE835048F /* [CP] Embed Pods Frameworks */ = {
			isa = PBXShellScriptBuildPhase;
			buildActionMask = 2147483647;
			files = (
			);
			inputFileListPaths = (
				"${PODS_ROOT}/Target Support Files/Pods-Blueprints/Pods-Blueprints-frameworks-${CONFIGURATION}-input-files.xcfilelist",
			);
			name = "[CP] Embed Pods Frameworks";
			outputFileListPaths = (
				"${PODS_ROOT}/Target Support Files/Pods-Blueprints/Pods-Blueprints-frameworks-${CONFIGURATION}-output-files.xcfilelist",
			);
			runOnlyForDeploymentPostprocessing = 0;
			shellPath = /bin/sh;
			shellScript = "\"${PODS_ROOT}/Target Support Files/Pods-Blueprints/Pods-Blueprints-frameworks.sh\"\n";
			showEnvVarsInLog = 0;
		};
		EF3C6C3ED7C521B57A8503EC /* [CP] Check Pods Manifest.lock */ = {
			isa = PBXShellScriptBuildPhase;
			buildActionMask = 2147483647;
			files = (
			);
			inputFileListPaths = (
			);
			inputPaths = (
				"${PODS_PODFILE_DIR_PATH}/Podfile.lock",
				"${PODS_ROOT}/Manifest.lock",
			);
			name = "[CP] Check Pods Manifest.lock";
			outputFileListPaths = (
			);
			outputPaths = (
				"$(DERIVED_FILE_DIR)/Pods-Blueprints-checkManifestLockResult.txt",
			);
			runOnlyForDeploymentPostprocessing = 0;
			shellPath = /bin/sh;
			shellScript = "diff \"${PODS_PODFILE_DIR_PATH}/Podfile.lock\" \"${PODS_ROOT}/Manifest.lock\" > /dev/null\nif [ $? != 0 ] ; then\n    # print error to STDERR\n    echo \"error: The sandbox is not in sync with the Podfile.lock. Run 'pod install' or update your CocoaPods installation.\" >&2\n    exit 1\nfi\n# This output is used by Xcode 'outputs' to avoid re-running this script phase.\necho \"SUCCESS\" > \"${SCRIPT_OUTPUT_FILE_0}\"\n";
			showEnvVarsInLog = 0;
		};
/* End PBXShellScriptBuildPhase section */

/* Begin PBXSourcesBuildPhase section */
		B8F5FE332BEA30DC00D4F139 /* Sources */ = {
			isa = PBXSourcesBuildPhase;
			buildActionMask = 2147483647;
			files = (
				B86FB8392BECF9BE0092FE2F /* TextConstants.swift in Sources */,
				B8F5FE3F2BEA30DC00D4F139 /* NotesViewController.swift in Sources */,
				B89F6D312BEB505000B0E330 /* BaseCoordinator.swift in Sources */,
				B89F6D322BEB505000B0E330 /* CoordinatorProtocol.swift in Sources */,
				B89F6D3C2BEBAC0F00B0E330 /* NotesPresenter.swift in Sources */,
				B8F5FE3B2BEA30DC00D4F139 /* AppDelegate.swift in Sources */,
				B8F5FE5E2BEA853200D4F139 /* UIView+.swift in Sources */,
				B86FB8332BECB2740092FE2F /* AddNotePresenter.swift in Sources */,
				B8F5FE592BEA3D9800D4F139 /* AddNoteViewController.swift in Sources */,
				B89F6D302BEB505000B0E330 /* AppCoordinator.swift in Sources */,
				B8F5FE5C2BEA3F7800D4F139 /* Note.xcdatamodeld in Sources */,
				B8F5FE562BEA3AF700D4F139 /* StorageManager.swift in Sources */,
				B89F6D362BEB50EC00B0E330 /* NotesViewControllerCoordinator.swift in Sources */,
				B8F5FE3D2BEA30DC00D4F139 /* SceneDelegate.swift in Sources */,
				B89F6D382BEB516A00B0E330 /* AddNoteViewControllerCoordinator.swift in Sources */,
				B86FB8352BECD9B50092FE2F /* UIColor+.swift in Sources */,
			);
			runOnlyForDeploymentPostprocessing = 0;
		};
/* End PBXSourcesBuildPhase section */

/* Begin PBXVariantGroup section */
		B8F5FE482BEA30DE00D4F139 /* LaunchScreen.storyboard */ = {
			isa = PBXVariantGroup;
			children = (
				B8F5FE492BEA30DE00D4F139 /* Base */,
			);
			name = LaunchScreen.storyboard;
			sourceTree = "<group>";
		};
/* End PBXVariantGroup section */

/* Begin XCBuildConfiguration section */
		B8F5FE4C2BEA30DE00D4F139 /* Debug */ = {
			isa = XCBuildConfiguration;
			buildSettings = {
				ALWAYS_SEARCH_USER_PATHS = NO;
				ASSETCATALOG_COMPILER_GENERATE_SWIFT_ASSET_SYMBOL_EXTENSIONS = YES;
				CLANG_ANALYZER_NONNULL = YES;
				CLANG_ANALYZER_NUMBER_OBJECT_CONVERSION = YES_AGGRESSIVE;
				CLANG_CXX_LANGUAGE_STANDARD = "gnu++20";
				CLANG_ENABLE_MODULES = YES;
				CLANG_ENABLE_OBJC_ARC = YES;
				CLANG_ENABLE_OBJC_WEAK = YES;
				CLANG_WARN_BLOCK_CAPTURE_AUTORELEASING = YES;
				CLANG_WARN_BOOL_CONVERSION = YES;
				CLANG_WARN_COMMA = YES;
				CLANG_WARN_CONSTANT_CONVERSION = YES;
				CLANG_WARN_DEPRECATED_OBJC_IMPLEMENTATIONS = YES;
				CLANG_WARN_DIRECT_OBJC_ISA_USAGE = YES_ERROR;
				CLANG_WARN_DOCUMENTATION_COMMENTS = YES;
				CLANG_WARN_EMPTY_BODY = YES;
				CLANG_WARN_ENUM_CONVERSION = YES;
				CLANG_WARN_INFINITE_RECURSION = YES;
				CLANG_WARN_INT_CONVERSION = YES;
				CLANG_WARN_NON_LITERAL_NULL_CONVERSION = YES;
				CLANG_WARN_OBJC_IMPLICIT_RETAIN_SELF = YES;
				CLANG_WARN_OBJC_LITERAL_CONVERSION = YES;
				CLANG_WARN_OBJC_ROOT_CLASS = YES_ERROR;
				CLANG_WARN_QUOTED_INCLUDE_IN_FRAMEWORK_HEADER = YES;
				CLANG_WARN_RANGE_LOOP_ANALYSIS = YES;
				CLANG_WARN_STRICT_PROTOTYPES = YES;
				CLANG_WARN_SUSPICIOUS_MOVE = YES;
				CLANG_WARN_UNGUARDED_AVAILABILITY = YES_AGGRESSIVE;
				CLANG_WARN_UNREACHABLE_CODE = YES;
				CLANG_WARN__DUPLICATE_METHOD_MATCH = YES;
				COPY_PHASE_STRIP = NO;
				DEBUG_INFORMATION_FORMAT = dwarf;
				ENABLE_STRICT_OBJC_MSGSEND = YES;
				ENABLE_TESTABILITY = YES;
				ENABLE_USER_SCRIPT_SANDBOXING = YES;
				GCC_C_LANGUAGE_STANDARD = gnu17;
				GCC_DYNAMIC_NO_PIC = NO;
				GCC_NO_COMMON_BLOCKS = YES;
				GCC_OPTIMIZATION_LEVEL = 0;
				GCC_PREPROCESSOR_DEFINITIONS = (
					"DEBUG=1",
					"$(inherited)",
				);
				GCC_WARN_64_TO_32_BIT_CONVERSION = YES;
				GCC_WARN_ABOUT_RETURN_TYPE = YES_ERROR;
				GCC_WARN_UNDECLARED_SELECTOR = YES;
				GCC_WARN_UNINITIALIZED_AUTOS = YES_AGGRESSIVE;
				GCC_WARN_UNUSED_FUNCTION = YES;
				GCC_WARN_UNUSED_VARIABLE = YES;
				IPHONEOS_DEPLOYMENT_TARGET = 17.4;
				LOCALIZATION_PREFERS_STRING_CATALOGS = YES;
				MTL_ENABLE_DEBUG_INFO = INCLUDE_SOURCE;
				MTL_FAST_MATH = YES;
				ONLY_ACTIVE_ARCH = YES;
				SDKROOT = iphoneos;
				SWIFT_ACTIVE_COMPILATION_CONDITIONS = "DEBUG $(inherited)";
				SWIFT_OPTIMIZATION_LEVEL = "-Onone";
			};
			name = Debug;
		};
		B8F5FE4D2BEA30DE00D4F139 /* Release */ = {
			isa = XCBuildConfiguration;
			buildSettings = {
				ALWAYS_SEARCH_USER_PATHS = NO;
				ASSETCATALOG_COMPILER_GENERATE_SWIFT_ASSET_SYMBOL_EXTENSIONS = YES;
				CLANG_ANALYZER_NONNULL = YES;
				CLANG_ANALYZER_NUMBER_OBJECT_CONVERSION = YES_AGGRESSIVE;
				CLANG_CXX_LANGUAGE_STANDARD = "gnu++20";
				CLANG_ENABLE_MODULES = YES;
				CLANG_ENABLE_OBJC_ARC = YES;
				CLANG_ENABLE_OBJC_WEAK = YES;
				CLANG_WARN_BLOCK_CAPTURE_AUTORELEASING = YES;
				CLANG_WARN_BOOL_CONVERSION = YES;
				CLANG_WARN_COMMA = YES;
				CLANG_WARN_CONSTANT_CONVERSION = YES;
				CLANG_WARN_DEPRECATED_OBJC_IMPLEMENTATIONS = YES;
				CLANG_WARN_DIRECT_OBJC_ISA_USAGE = YES_ERROR;
				CLANG_WARN_DOCUMENTATION_COMMENTS = YES;
				CLANG_WARN_EMPTY_BODY = YES;
				CLANG_WARN_ENUM_CONVERSION = YES;
				CLANG_WARN_INFINITE_RECURSION = YES;
				CLANG_WARN_INT_CONVERSION = YES;
				CLANG_WARN_NON_LITERAL_NULL_CONVERSION = YES;
				CLANG_WARN_OBJC_IMPLICIT_RETAIN_SELF = YES;
				CLANG_WARN_OBJC_LITERAL_CONVERSION = YES;
				CLANG_WARN_OBJC_ROOT_CLASS = YES_ERROR;
				CLANG_WARN_QUOTED_INCLUDE_IN_FRAMEWORK_HEADER = YES;
				CLANG_WARN_RANGE_LOOP_ANALYSIS = YES;
				CLANG_WARN_STRICT_PROTOTYPES = YES;
				CLANG_WARN_SUSPICIOUS_MOVE = YES;
				CLANG_WARN_UNGUARDED_AVAILABILITY = YES_AGGRESSIVE;
				CLANG_WARN_UNREACHABLE_CODE = YES;
				CLANG_WARN__DUPLICATE_METHOD_MATCH = YES;
				COPY_PHASE_STRIP = NO;
				DEBUG_INFORMATION_FORMAT = "dwarf-with-dsym";
				ENABLE_NS_ASSERTIONS = NO;
				ENABLE_STRICT_OBJC_MSGSEND = YES;
				ENABLE_USER_SCRIPT_SANDBOXING = YES;
				GCC_C_LANGUAGE_STANDARD = gnu17;
				GCC_NO_COMMON_BLOCKS = YES;
				GCC_WARN_64_TO_32_BIT_CONVERSION = YES;
				GCC_WARN_ABOUT_RETURN_TYPE = YES_ERROR;
				GCC_WARN_UNDECLARED_SELECTOR = YES;
				GCC_WARN_UNINITIALIZED_AUTOS = YES_AGGRESSIVE;
				GCC_WARN_UNUSED_FUNCTION = YES;
				GCC_WARN_UNUSED_VARIABLE = YES;
				IPHONEOS_DEPLOYMENT_TARGET = 17.4;
				LOCALIZATION_PREFERS_STRING_CATALOGS = YES;
				MTL_ENABLE_DEBUG_INFO = NO;
				MTL_FAST_MATH = YES;
				SDKROOT = iphoneos;
				SWIFT_COMPILATION_MODE = wholemodule;
				VALIDATE_PRODUCT = YES;
			};
			name = Release;
		};
		B8F5FE4F2BEA30DE00D4F139 /* Debug */ = {
			isa = XCBuildConfiguration;
			baseConfigurationReference = F185793110E6942768D8E554 /* Pods-Blueprints.debug.xcconfig */;
			buildSettings = {
				ASSETCATALOG_COMPILER_APPICON_NAME = AppIcon;
				ASSETCATALOG_COMPILER_GLOBAL_ACCENT_COLOR_NAME = AccentColor;
				CODE_SIGN_STYLE = Automatic;
				CURRENT_PROJECT_VERSION = 1;
				DEVELOPMENT_TEAM = S94VZHHR39;
				ENABLE_USER_SCRIPT_SANDBOXING = NO;
				GENERATE_INFOPLIST_FILE = YES;
				INFOPLIST_FILE = Blueprints/Application/Info.plist;
				INFOPLIST_KEY_LSApplicationCategoryType = "public.app-category.productivity";
				INFOPLIST_KEY_UIApplicationSupportsIndirectInputEvents = YES;
				INFOPLIST_KEY_UILaunchStoryboardName = LaunchScreen;
				INFOPLIST_KEY_UIStatusBarStyle = UIStatusBarStyleLightContent;
				INFOPLIST_KEY_UISupportedInterfaceOrientations = UIInterfaceOrientationPortrait;
				INFOPLIST_KEY_UISupportedInterfaceOrientations_iPad = "UIInterfaceOrientationLandscapeLeft UIInterfaceOrientationLandscapeRight UIInterfaceOrientationPortrait UIInterfaceOrientationPortraitUpsideDown";
				IPHONEOS_DEPLOYMENT_TARGET = 16.0;
				LD_RUNPATH_SEARCH_PATHS = (
					"$(inherited)",
					"@executable_path/Frameworks",
				);
				MARKETING_VERSION = 1.0;
				PRODUCT_BUNDLE_IDENTIFIER = eldarovsky.Blueprints;
				PRODUCT_NAME = "$(TARGET_NAME)";
				SUPPORTED_PLATFORMS = "iphoneos iphonesimulator";
				SUPPORTS_MACCATALYST = NO;
				SUPPORTS_MAC_DESIGNED_FOR_IPHONE_IPAD = NO;
				SUPPORTS_XR_DESIGNED_FOR_IPHONE_IPAD = NO;
				SWIFT_EMIT_LOC_STRINGS = YES;
				SWIFT_VERSION = 5.0;
				TARGETED_DEVICE_FAMILY = 1;
			};
			name = Debug;
		};
		B8F5FE502BEA30DE00D4F139 /* Release */ = {
			isa = XCBuildConfiguration;
			baseConfigurationReference = B4E2E6B18C2C506EA12BF668 /* Pods-Blueprints.release.xcconfig */;
			buildSettings = {
				ASSETCATALOG_COMPILER_APPICON_NAME = AppIcon;
				ASSETCATALOG_COMPILER_GLOBAL_ACCENT_COLOR_NAME = AccentColor;
				CODE_SIGN_STYLE = Automatic;
				CURRENT_PROJECT_VERSION = 1;
				DEVELOPMENT_TEAM = S94VZHHR39;
				ENABLE_USER_SCRIPT_SANDBOXING = NO;
				GENERATE_INFOPLIST_FILE = YES;
				INFOPLIST_FILE = Blueprints/Application/Info.plist;
				INFOPLIST_KEY_LSApplicationCategoryType = "public.app-category.productivity";
				INFOPLIST_KEY_UIApplicationSupportsIndirectInputEvents = YES;
				INFOPLIST_KEY_UILaunchStoryboardName = LaunchScreen;
				INFOPLIST_KEY_UIStatusBarStyle = UIStatusBarStyleLightContent;
				INFOPLIST_KEY_UISupportedInterfaceOrientations = UIInterfaceOrientationPortrait;
				INFOPLIST_KEY_UISupportedInterfaceOrientations_iPad = "UIInterfaceOrientationLandscapeLeft UIInterfaceOrientationLandscapeRight UIInterfaceOrientationPortrait UIInterfaceOrientationPortraitUpsideDown";
				IPHONEOS_DEPLOYMENT_TARGET = 16.0;
				LD_RUNPATH_SEARCH_PATHS = (
					"$(inherited)",
					"@executable_path/Frameworks",
				);
				MARKETING_VERSION = 1.0;
				PRODUCT_BUNDLE_IDENTIFIER = eldarovsky.Blueprints;
				PRODUCT_NAME = "$(TARGET_NAME)";
				SUPPORTED_PLATFORMS = "iphoneos iphonesimulator";
				SUPPORTS_MACCATALYST = NO;
				SUPPORTS_MAC_DESIGNED_FOR_IPHONE_IPAD = NO;
				SUPPORTS_XR_DESIGNED_FOR_IPHONE_IPAD = NO;
				SWIFT_EMIT_LOC_STRINGS = YES;
				SWIFT_VERSION = 5.0;
				TARGETED_DEVICE_FAMILY = 1;
			};
			name = Release;
		};
/* End XCBuildConfiguration section */

/* Begin XCConfigurationList section */
		B8F5FE322BEA30DC00D4F139 /* Build configuration list for PBXProject "Blueprints" */ = {
			isa = XCConfigurationList;
			buildConfigurations = (
				B8F5FE4C2BEA30DE00D4F139 /* Debug */,
				B8F5FE4D2BEA30DE00D4F139 /* Release */,
			);
			defaultConfigurationIsVisible = 0;
			defaultConfigurationName = Release;
		};
		B8F5FE4E2BEA30DE00D4F139 /* Build configuration list for PBXNativeTarget "Blueprints" */ = {
			isa = XCConfigurationList;
			buildConfigurations = (
				B8F5FE4F2BEA30DE00D4F139 /* Debug */,
				B8F5FE502BEA30DE00D4F139 /* Release */,
			);
			defaultConfigurationIsVisible = 0;
			defaultConfigurationName = Release;
		};
/* End XCConfigurationList section */

/* Begin XCVersionGroup section */
		B8F5FE5A2BEA3F7800D4F139 /* Note.xcdatamodeld */ = {
			isa = XCVersionGroup;
			children = (
				B8F5FE5B2BEA3F7800D4F139 /* Note.xcdatamodel */,
			);
			currentVersion = B8F5FE5B2BEA3F7800D4F139 /* Note.xcdatamodel */;
			path = Note.xcdatamodeld;
			sourceTree = "<group>";
			versionGroupType = wrapper.xcdatamodel;
		};
/* End XCVersionGroup section */
	};
	rootObject = B8F5FE2F2BEA30DC00D4F139 /* Project object */;
}
