// !$*UTF8*$!
{
	archiveVersion = 1;
	classes = {
	};
	objectVersion = 56;
	objects = {

/* Begin PBXBuildFile section */
		B8F5FE3B2BEA30DC00D4F139 /* AppDelegate.swift in Sources */ = {isa = PBXBuildFile; fileRef = B8F5FE3A2BEA30DC00D4F139 /* AppDelegate.swift */; };
		B8F5FE3D2BEA30DC00D4F139 /* SceneDelegate.swift in Sources */ = {isa = PBXBuildFile; fileRef = B8F5FE3C2BEA30DC00D4F139 /* SceneDelegate.swift */; };
		B8F5FE3F2BEA30DC00D4F139 /* NotesViewController.swift in Sources */ = {isa = PBXBuildFile; fileRef = B8F5FE3E2BEA30DC00D4F139 /* NotesViewController.swift */; };
		B8F5FE472BEA30DE00D4F139 /* Assets.xcassets in Resources */ = {isa = PBXBuildFile; fileRef = B8F5FE462BEA30DE00D4F139 /* Assets.xcassets */; };
		B8F5FE4A2BEA30DE00D4F139 /* Base in Resources */ = {isa = PBXBuildFile; fileRef = B8F5FE492BEA30DE00D4F139 /* Base */; };
		B8F5FE562BEA3AF700D4F139 /* StorageManager.swift in Sources */ = {isa = PBXBuildFile; fileRef = B8F5FE552BEA3AF700D4F139 /* StorageManager.swift */; };
		B8F5FE592BEA3D9800D4F139 /* AddNoteViewController.swift in Sources */ = {isa = PBXBuildFile; fileRef = B8F5FE582BEA3D9800D4F139 /* AddNoteViewController.swift */; };
		B8F5FE5C2BEA3F7800D4F139 /* Note.xcdatamodeld in Sources */ = {isa = PBXBuildFile; fileRef = B8F5FE5A2BEA3F7800D4F139 /* Note.xcdatamodeld */; };
		B8F5FE5E2BEA853200D4F139 /* UIView+.swift in Sources */ = {isa = PBXBuildFile; fileRef = B8F5FE5D2BEA853200D4F139 /* UIView+.swift */; };
/* End PBXBuildFile section */

/* Begin PBXFileReference section */
		B8F5FE372BEA30DC00D4F139 /* Blueprints.app */ = {isa = PBXFileReference; explicitFileType = wrapper.application; includeInIndex = 0; path = Blueprints.app; sourceTree = BUILT_PRODUCTS_DIR; };
		B8F5FE3A2BEA30DC00D4F139 /* AppDelegate.swift */ = {isa = PBXFileReference; lastKnownFileType = sourcecode.swift; path = AppDelegate.swift; sourceTree = "<group>"; };
		B8F5FE3C2BEA30DC00D4F139 /* SceneDelegate.swift */ = {isa = PBXFileReference; lastKnownFileType = sourcecode.swift; path = SceneDelegate.swift; sourceTree = "<group>"; };
		B8F5FE3E2BEA30DC00D4F139 /* NotesViewController.swift */ = {isa = PBXFileReference; lastKnownFileType = sourcecode.swift; path = NotesViewController.swift; sourceTree = "<group>"; };
		B8F5FE462BEA30DE00D4F139 /* Assets.xcassets */ = {isa = PBXFileReference; lastKnownFileType = folder.assetcatalog; path = Assets.xcassets; sourceTree = "<group>"; };
		B8F5FE492BEA30DE00D4F139 /* Base */ = {isa = PBXFileReference; lastKnownFileType = file.storyboard; name = Base; path = Base.lproj/LaunchScreen.storyboard; sourceTree = "<group>"; };
		B8F5FE4B2BEA30DE00D4F139 /* Info.plist */ = {isa = PBXFileReference; lastKnownFileType = text.plist.xml; path = Info.plist; sourceTree = "<group>"; };
		B8F5FE552BEA3AF700D4F139 /* StorageManager.swift */ = {isa = PBXFileReference; fileEncoding = 4; lastKnownFileType = sourcecode.swift; path = StorageManager.swift; sourceTree = "<group>"; };
		B8F5FE582BEA3D9800D4F139 /* AddNoteViewController.swift */ = {isa = PBXFileReference; lastKnownFileType = sourcecode.swift; path = AddNoteViewController.swift; sourceTree = "<group>"; };
		B8F5FE5B2BEA3F7800D4F139 /* Note.xcdatamodel */ = {isa = PBXFileReference; lastKnownFileType = wrapper.xcdatamodel; path = Note.xcdatamodel; sourceTree = "<group>"; };
		B8F5FE5D2BEA853200D4F139 /* UIView+.swift */ = {isa = PBXFileReference; lastKnownFileType = sourcecode.swift; path = "UIView+.swift"; sourceTree = "<group>"; };
/* End PBXFileReference section */

/* Begin PBXFrameworksBuildPhase section */
		B8F5FE342BEA30DC00D4F139 /* Frameworks */ = {
			isa = PBXFrameworksBuildPhase;
			buildActionMask = 2147483647;
			files = (
			);
			runOnlyForDeploymentPostprocessing = 0;
		};
/* End PBXFrameworksBuildPhase section */

/* Begin PBXGroup section */
		B8F5FE2E2BEA30DC00D4F139 = {
			isa = PBXGroup;
			children = (
				B8F5FE392BEA30DC00D4F139 /* Blueprints */,
				B8F5FE382BEA30DC00D4F139 /* Products */,
			);
			sourceTree = "<group>";
		};
		B8F5FE382BEA30DC00D4F139 /* Products */ = {
			isa = PBXGroup;
			children = (
				B8F5FE372BEA30DC00D4F139 /* Blueprints.app */,
			);
			name = Products;
			sourceTree = "<group>";
		};
		B8F5FE392BEA30DC00D4F139 /* Blueprints */ = {
			isa = PBXGroup;
			children = (
				B8F5FE512BEA35AC00D4F139 /* Application */,
				B8F5FE572BEA3B0600D4F139 /* Services */,
				B8F5FE532BEA363300D4F139 /* Model */,
				B8F5FE5F2BEA853E00D4F139 /* Extensions */,
				B8F5FE542BEA365800D4F139 /* ViewControllers */,
				B8F5FE522BEA35B900D4F139 /* Resources */,
			);
			path = Blueprints;
			sourceTree = "<group>";
		};
		B8F5FE512BEA35AC00D4F139 /* Application */ = {
			isa = PBXGroup;
			children = (
				B8F5FE3A2BEA30DC00D4F139 /* AppDelegate.swift */,
				B8F5FE3C2BEA30DC00D4F139 /* SceneDelegate.swift */,
				B8F5FE4B2BEA30DE00D4F139 /* Info.plist */,
				B8F5FE482BEA30DE00D4F139 /* LaunchScreen.storyboard */,
			);
			path = Application;
			sourceTree = "<group>";
		};
		B8F5FE522BEA35B900D4F139 /* Resources */ = {
			isa = PBXGroup;
			children = (
				B8F5FE462BEA30DE00D4F139 /* Assets.xcassets */,
			);
			path = Resources;
			sourceTree = "<group>";
		};
		B8F5FE532BEA363300D4F139 /* Model */ = {
			isa = PBXGroup;
			children = (
				B8F5FE5A2BEA3F7800D4F139 /* Note.xcdatamodeld */,
			);
			path = Model;
			sourceTree = "<group>";
		};
		B8F5FE542BEA365800D4F139 /* ViewControllers */ = {
			isa = PBXGroup;
			children = (
				B8F5FE3E2BEA30DC00D4F139 /* NotesViewController.swift */,
				B8F5FE582BEA3D9800D4F139 /* AddNoteViewController.swift */,
			);
			path = ViewControllers;
			sourceTree = "<group>";
		};
		B8F5FE572BEA3B0600D4F139 /* Services */ = {
			isa = PBXGroup;
			children = (
				B8F5FE552BEA3AF700D4F139 /* StorageManager.swift */,
			);
			path = Services;
			sourceTree = "<group>";
		};
		B8F5FE5F2BEA853E00D4F139 /* Extensions */ = {
			isa = PBXGroup;
			children = (
				B8F5FE5D2BEA853200D4F139 /* UIView+.swift */,
			);
			path = Extensions;
			sourceTree = "<group>";
		};
/* End PBXGroup section */

/* Begin PBXNativeTarget section */
		B8F5FE362BEA30DC00D4F139 /* Blueprints */ = {
			isa = PBXNativeTarget;
			buildConfigurationList = B8F5FE4E2BEA30DE00D4F139 /* Build configuration list for PBXNativeTarget "Blueprints" */;
			buildPhases = (
				B8F5FE332BEA30DC00D4F139 /* Sources */,
				B8F5FE342BEA30DC00D4F139 /* Frameworks */,
				B8F5FE352BEA30DC00D4F139 /* Resources */,
			);
			buildRules = (
			);
			dependencies = (
			);
			name = Blueprints;
			productName = Blueprints;
			productReference = B8F5FE372BEA30DC00D4F139 /* Blueprints.app */;
			productType = "com.apple.product-type.application";
		};
/* End PBXNativeTarget section */

/* Begin PBXProject section */
		B8F5FE2F2BEA30DC00D4F139 /* Project object */ = {
			isa = PBXProject;
			attributes = {
				BuildIndependentTargetsInParallel = 1;
				LastSwiftUpdateCheck = 1530;
				LastUpgradeCheck = 1530;
				TargetAttributes = {
					B8F5FE362BEA30DC00D4F139 = {
						CreatedOnToolsVersion = 15.3;
					};
				};
			};
			buildConfigurationList = B8F5FE322BEA30DC00D4F139 /* Build configuration list for PBXProject "Blueprints" */;
			compatibilityVersion = "Xcode 14.0";
			developmentRegion = en;
			hasScannedForEncodings = 0;
			knownRegions = (
				en,
				Base,
			);
			mainGroup = B8F5FE2E2BEA30DC00D4F139;
			productRefGroup = B8F5FE382BEA30DC00D4F139 /* Products */;
			projectDirPath = "";
			projectRoot = "";
			targets = (
				B8F5FE362BEA30DC00D4F139 /* Blueprints */,
			);
		};
/* End PBXProject section */

/* Begin PBXResourcesBuildPhase section */
		B8F5FE352BEA30DC00D4F139 /* Resources */ = {
			isa = PBXResourcesBuildPhase;
			buildActionMask = 2147483647;
			files = (
				B8F5FE472BEA30DE00D4F139 /* Assets.xcassets in Resources */,
				B8F5FE4A2BEA30DE00D4F139 /* Base in Resources */,
			);
			runOnlyForDeploymentPostprocessing = 0;
		};
/* End PBXResourcesBuildPhase section */

/* Begin PBXSourcesBuildPhase section */
		B8F5FE332BEA30DC00D4F139 /* Sources */ = {
			isa = PBXSourcesBuildPhase;
			buildActionMask = 2147483647;
			files = (
				B8F5FE3F2BEA30DC00D4F139 /* NotesViewController.swift in Sources */,
				B8F5FE3B2BEA30DC00D4F139 /* AppDelegate.swift in Sources */,
				B8F5FE5E2BEA853200D4F139 /* UIView+.swift in Sources */,
				B8F5FE592BEA3D9800D4F139 /* AddNoteViewController.swift in Sources */,
				B8F5FE5C2BEA3F7800D4F139 /* Note.xcdatamodeld in Sources */,
				B8F5FE562BEA3AF700D4F139 /* StorageManager.swift in Sources */,
				B8F5FE3D2BEA30DC00D4F139 /* SceneDelegate.swift in Sources */,
			);
			runOnlyForDeploymentPostprocessing = 0;
		};
/* End PBXSourcesBuildPhase section */

/* Begin PBXVariantGroup section */
		B8F5FE482BEA30DE00D4F139 /* LaunchScreen.storyboard */ = {
			isa = PBXVariantGroup;
			children = (
				B8F5FE492BEA30DE00D4F139 /* Base */,
			);
			name = LaunchScreen.storyboard;
			sourceTree = "<group>";
		};
/* End PBXVariantGroup section */

/* Begin XCBuildConfiguration section */
		B8F5FE4C2BEA30DE00D4F139 /* Debug */ = {
			isa = XCBuildConfiguration;
			buildSettings = {
				ALWAYS_SEARCH_USER_PATHS = NO;
				ASSETCATALOG_COMPILER_GENERATE_SWIFT_ASSET_SYMBOL_EXTENSIONS = YES;
				CLANG_ANALYZER_NONNULL = YES;
				CLANG_ANALYZER_NUMBER_OBJECT_CONVERSION = YES_AGGRESSIVE;
				CLANG_CXX_LANGUAGE_STANDARD = "gnu++20";
				CLANG_ENABLE_MODULES = YES;
				CLANG_ENABLE_OBJC_ARC = YES;
				CLANG_ENABLE_OBJC_WEAK = YES;
				CLANG_WARN_BLOCK_CAPTURE_AUTORELEASING = YES;
				CLANG_WARN_BOOL_CONVERSION = YES;
				CLANG_WARN_COMMA = YES;
				CLANG_WARN_CONSTANT_CONVERSION = YES;
				CLANG_WARN_DEPRECATED_OBJC_IMPLEMENTATIONS = YES;
				CLANG_WARN_DIRECT_OBJC_ISA_USAGE = YES_ERROR;
				CLANG_WARN_DOCUMENTATION_COMMENTS = YES;
				CLANG_WARN_EMPTY_BODY = YES;
				CLANG_WARN_ENUM_CONVERSION = YES;
				CLANG_WARN_INFINITE_RECURSION = YES;
				CLANG_WARN_INT_CONVERSION = YES;
				CLANG_WARN_NON_LITERAL_NULL_CONVERSION = YES;
				CLANG_WARN_OBJC_IMPLICIT_RETAIN_SELF = YES;
				CLANG_WARN_OBJC_LITERAL_CONVERSION = YES;
				CLANG_WARN_OBJC_ROOT_CLASS = YES_ERROR;
				CLANG_WARN_QUOTED_INCLUDE_IN_FRAMEWORK_HEADER = YES;
				CLANG_WARN_RANGE_LOOP_ANALYSIS = YES;
				CLANG_WARN_STRICT_PROTOTYPES = YES;
				CLANG_WARN_SUSPICIOUS_MOVE = YES;
				CLANG_WARN_UNGUARDED_AVAILABILITY = YES_AGGRESSIVE;
				CLANG_WARN_UNREACHABLE_CODE = YES;
				CLANG_WARN__DUPLICATE_METHOD_MATCH = YES;
				COPY_PHASE_STRIP = NO;
				DEBUG_INFORMATION_FORMAT = dwarf;
				ENABLE_STRICT_OBJC_MSGSEND = YES;
				ENABLE_TESTABILITY = YES;
				ENABLE_USER_SCRIPT_SANDBOXING = YES;
				GCC_C_LANGUAGE_STANDARD = gnu17;
				GCC_DYNAMIC_NO_PIC = NO;
				GCC_NO_COMMON_BLOCKS = YES;
				GCC_OPTIMIZATION_LEVEL = 0;
				GCC_PREPROCESSOR_DEFINITIONS = (
					"DEBUG=1",
					"$(inherited)",
				);
				GCC_WARN_64_TO_32_BIT_CONVERSION = YES;
				GCC_WARN_ABOUT_RETURN_TYPE = YES_ERROR;
				GCC_WARN_UNDECLARED_SELECTOR = YES;
				GCC_WARN_UNINITIALIZED_AUTOS = YES_AGGRESSIVE;
				GCC_WARN_UNUSED_FUNCTION = YES;
				GCC_WARN_UNUSED_VARIABLE = YES;
				IPHONEOS_DEPLOYMENT_TARGET = 17.4;
				LOCALIZATION_PREFERS_STRING_CATALOGS = YES;
				MTL_ENABLE_DEBUG_INFO = INCLUDE_SOURCE;
				MTL_FAST_MATH = YES;
				ONLY_ACTIVE_ARCH = YES;
				SDKROOT = iphoneos;
				SWIFT_ACTIVE_COMPILATION_CONDITIONS = "DEBUG $(inherited)";
				SWIFT_OPTIMIZATION_LEVEL = "-Onone";
			};
			name = Debug;
		};
		B8F5FE4D2BEA30DE00D4F139 /* Release */ = {
			isa = XCBuildConfiguration;
			buildSettings = {
				ALWAYS_SEARCH_USER_PATHS = NO;
				ASSETCATALOG_COMPILER_GENERATE_SWIFT_ASSET_SYMBOL_EXTENSIONS = YES;
				CLANG_ANALYZER_NONNULL = YES;
				CLANG_ANALYZER_NUMBER_OBJECT_CONVERSION = YES_AGGRESSIVE;
				CLANG_CXX_LANGUAGE_STANDARD = "gnu++20";
				CLANG_ENABLE_MODULES = YES;
				CLANG_ENABLE_OBJC_ARC = YES;
				CLANG_ENABLE_OBJC_WEAK = YES;
				CLANG_WARN_BLOCK_CAPTURE_AUTORELEASING = YES;
				CLANG_WARN_BOOL_CONVERSION = YES;
				CLANG_WARN_COMMA = YES;
				CLANG_WARN_CONSTANT_CONVERSION = YES;
				CLANG_WARN_DEPRECATED_OBJC_IMPLEMENTATIONS = YES;
				CLANG_WARN_DIRECT_OBJC_ISA_USAGE = YES_ERROR;
				CLANG_WARN_DOCUMENTATION_COMMENTS = YES;
				CLANG_WARN_EMPTY_BODY = YES;
				CLANG_WARN_ENUM_CONVERSION = YES;
				CLANG_WARN_INFINITE_RECURSION = YES;
				CLANG_WARN_INT_CONVERSION = YES;
				CLANG_WARN_NON_LITERAL_NULL_CONVERSION = YES;
				CLANG_WARN_OBJC_IMPLICIT_RETAIN_SELF = YES;
				CLANG_WARN_OBJC_LITERAL_CONVERSION = YES;
				CLANG_WARN_OBJC_ROOT_CLASS = YES_ERROR;
				CLANG_WARN_QUOTED_INCLUDE_IN_FRAMEWORK_HEADER = YES;
				CLANG_WARN_RANGE_LOOP_ANALYSIS = YES;
				CLANG_WARN_STRICT_PROTOTYPES = YES;
				CLANG_WARN_SUSPICIOUS_MOVE = YES;
				CLANG_WARN_UNGUARDED_AVAILABILITY = YES_AGGRESSIVE;
				CLANG_WARN_UNREACHABLE_CODE = YES;
				CLANG_WARN__DUPLICATE_METHOD_MATCH = YES;
				COPY_PHASE_STRIP = NO;
				DEBUG_INFORMATION_FORMAT = "dwarf-with-dsym";
				ENABLE_NS_ASSERTIONS = NO;
				ENABLE_STRICT_OBJC_MSGSEND = YES;
				ENABLE_USER_SCRIPT_SANDBOXING = YES;
				GCC_C_LANGUAGE_STANDARD = gnu17;
				GCC_NO_COMMON_BLOCKS = YES;
				GCC_WARN_64_TO_32_BIT_CONVERSION = YES;
				GCC_WARN_ABOUT_RETURN_TYPE = YES_ERROR;
				GCC_WARN_UNDECLARED_SELECTOR = YES;
				GCC_WARN_UNINITIALIZED_AUTOS = YES_AGGRESSIVE;
				GCC_WARN_UNUSED_FUNCTION = YES;
				GCC_WARN_UNUSED_VARIABLE = YES;
				IPHONEOS_DEPLOYMENT_TARGET = 17.4;
				LOCALIZATION_PREFERS_STRING_CATALOGS = YES;
				MTL_ENABLE_DEBUG_INFO = NO;
				MTL_FAST_MATH = YES;
				SDKROOT = iphoneos;
				SWIFT_COMPILATION_MODE = wholemodule;
				VALIDATE_PRODUCT = YES;
			};
			name = Release;
		};
		B8F5FE4F2BEA30DE00D4F139 /* Debug */ = {
			isa = XCBuildConfiguration;
			buildSettings = {
				ASSETCATALOG_COMPILER_APPICON_NAME = AppIcon;
				ASSETCATALOG_COMPILER_GLOBAL_ACCENT_COLOR_NAME = AccentColor;
				CODE_SIGN_STYLE = Automatic;
				CURRENT_PROJECT_VERSION = 1;
				DEVELOPMENT_TEAM = S94VZHHR39;
				GENERATE_INFOPLIST_FILE = YES;
				INFOPLIST_FILE = Blueprints/Application/Info.plist;
				INFOPLIST_KEY_LSApplicationCategoryType = "public.app-category.productivity";
				INFOPLIST_KEY_UIApplicationSupportsIndirectInputEvents = YES;
				INFOPLIST_KEY_UILaunchStoryboardName = LaunchScreen;
				INFOPLIST_KEY_UISupportedInterfaceOrientations = UIInterfaceOrientationPortrait;
				INFOPLIST_KEY_UISupportedInterfaceOrientations_iPad = "UIInterfaceOrientationLandscapeLeft UIInterfaceOrientationLandscapeRight UIInterfaceOrientationPortrait UIInterfaceOrientationPortraitUpsideDown";
				IPHONEOS_DEPLOYMENT_TARGET = 16.0;
				LD_RUNPATH_SEARCH_PATHS = (
					"$(inherited)",
					"@executable_path/Frameworks",
				);
				MARKETING_VERSION = 1.0;
				PRODUCT_BUNDLE_IDENTIFIER = eldarovsky.Blueprints;
				PRODUCT_NAME = "$(TARGET_NAME)";
				SUPPORTED_PLATFORMS = "iphoneos iphonesimulator";
				SUPPORTS_MACCATALYST = NO;
				SUPPORTS_MAC_DESIGNED_FOR_IPHONE_IPAD = NO;
				SUPPORTS_XR_DESIGNED_FOR_IPHONE_IPAD = NO;
				SWIFT_EMIT_LOC_STRINGS = YES;
				SWIFT_VERSION = 5.0;
				TARGETED_DEVICE_FAMILY = 1;
			};
			name = Debug;
		};
		B8F5FE502BEA30DE00D4F139 /* Release */ = {
			isa = XCBuildConfiguration;
			buildSettings = {
				ASSETCATALOG_COMPILER_APPICON_NAME = AppIcon;
				ASSETCATALOG_COMPILER_GLOBAL_ACCENT_COLOR_NAME = AccentColor;
				CODE_SIGN_STYLE = Automatic;
				CURRENT_PROJECT_VERSION = 1;
				DEVELOPMENT_TEAM = S94VZHHR39;
				GENERATE_INFOPLIST_FILE = YES;
				INFOPLIST_FILE = Blueprints/Application/Info.plist;
				INFOPLIST_KEY_LSApplicationCategoryType = "public.app-category.productivity";
				INFOPLIST_KEY_UIApplicationSupportsIndirectInputEvents = YES;
				INFOPLIST_KEY_UILaunchStoryboardName = LaunchScreen;
				INFOPLIST_KEY_UISupportedInterfaceOrientations = UIInterfaceOrientationPortrait;
				INFOPLIST_KEY_UISupportedInterfaceOrientations_iPad = "UIInterfaceOrientationLandscapeLeft UIInterfaceOrientationLandscapeRight UIInterfaceOrientationPortrait UIInterfaceOrientationPortraitUpsideDown";
				IPHONEOS_DEPLOYMENT_TARGET = 16.0;
				LD_RUNPATH_SEARCH_PATHS = (
					"$(inherited)",
					"@executable_path/Frameworks",
				);
				MARKETING_VERSION = 1.0;
				PRODUCT_BUNDLE_IDENTIFIER = eldarovsky.Blueprints;
				PRODUCT_NAME = "$(TARGET_NAME)";
				SUPPORTED_PLATFORMS = "iphoneos iphonesimulator";
				SUPPORTS_MACCATALYST = NO;
				SUPPORTS_MAC_DESIGNED_FOR_IPHONE_IPAD = NO;
				SUPPORTS_XR_DESIGNED_FOR_IPHONE_IPAD = NO;
				SWIFT_EMIT_LOC_STRINGS = YES;
				SWIFT_VERSION = 5.0;
				TARGETED_DEVICE_FAMILY = 1;
			};
			name = Release;
		};
/* End XCBuildConfiguration section */

/* Begin XCConfigurationList section */
		B8F5FE322BEA30DC00D4F139 /* Build configuration list for PBXProject "Blueprints" */ = {
			isa = XCConfigurationList;
			buildConfigurations = (
				B8F5FE4C2BEA30DE00D4F139 /* Debug */,
				B8F5FE4D2BEA30DE00D4F139 /* Release */,
			);
			defaultConfigurationIsVisible = 0;
			defaultConfigurationName = Release;
		};
		B8F5FE4E2BEA30DE00D4F139 /* Build configuration list for PBXNativeTarget "Blueprints" */ = {
			isa = XCConfigurationList;
			buildConfigurations = (
				B8F5FE4F2BEA30DE00D4F139 /* Debug */,
				B8F5FE502BEA30DE00D4F139 /* Release */,
			);
			defaultConfigurationIsVisible = 0;
			defaultConfigurationName = Release;
		};
/* End XCConfigurationList section */

/* Begin XCVersionGroup section */
		B8F5FE5A2BEA3F7800D4F139 /* Note.xcdatamodeld */ = {
			isa = XCVersionGroup;
			children = (
				B8F5FE5B2BEA3F7800D4F139 /* Note.xcdatamodel */,
			);
			currentVersion = B8F5FE5B2BEA3F7800D4F139 /* Note.xcdatamodel */;
			path = Note.xcdatamodeld;
			sourceTree = "<group>";
			versionGroupType = wrapper.xcdatamodel;
		};
/* End XCVersionGroup section */
	};
	rootObject = B8F5FE2F2BEA30DC00D4F139 /* Project object */;
}
